// !$*UTF8*$!
{
	archiveVersion = 1;
	classes = {
	};
	objectVersion = 77;
	objects = {

/* Begin PBXContainerItemProxy section */
		8A2FEEC82DA6B67000B52308 /* PBXContainerItemProxy */ = {
			isa = PBXContainerItemProxy;
			containerPortal = 8A2FEEA92DA6B66F00B52308 /* Project object */;
			proxyType = 1;
			remoteGlobalIDString = 8A2FEEB02DA6B66F00B52308;
			remoteInfo = ToDoeyy;
		};
		8A2FEED22DA6B67000B52308 /* PBXContainerItemProxy */ = {
			isa = PBXContainerItemProxy;
			containerPortal = 8A2FEEA92DA6B66F00B52308 /* Project object */;
			proxyType = 1;
			remoteGlobalIDString = 8A2FEEB02DA6B66F00B52308;
			remoteInfo = ToDoeyy;
		};
/* End PBXContainerItemProxy section */

/* Begin PBXFileReference section */
		8A2FEEB12DA6B66F00B52308 /* ToDoeyy.app */ = {isa = PBXFileReference; explicitFileType = wrapper.application; includeInIndex = 0; path = ToDoeyy.app; sourceTree = BUILT_PRODUCTS_DIR; };
		8A2FEEC72DA6B67000B52308 /* ToDoeyyTests.xctest */ = {isa = PBXFileReference; explicitFileType = wrapper.cfbundle; includeInIndex = 0; path = ToDoeyyTests.xctest; sourceTree = BUILT_PRODUCTS_DIR; };
		8A2FEED12DA6B67000B52308 /* ToDoeyyUITests.xctest */ = {isa = PBXFileReference; explicitFileType = wrapper.cfbundle; includeInIndex = 0; path = ToDoeyyUITests.xctest; sourceTree = BUILT_PRODUCTS_DIR; };
/* End PBXFileReference section */

/* Begin PBXFileSystemSynchronizedBuildFileExceptionSet section */
		8A2FEED92DA6B67000B52308 /* Exceptions for "ToDoeyy" folder in "ToDoeyy" target */ = {
			isa = PBXFileSystemSynchronizedBuildFileExceptionSet;
			membershipExceptions = (
				Info.plist,
			);
			target = 8A2FEEB02DA6B66F00B52308 /* ToDoeyy */;
		};
/* End PBXFileSystemSynchronizedBuildFileExceptionSet section */

/* Begin PBXFileSystemSynchronizedRootGroup section */
		8A2FEEB32DA6B66F00B52308 /* ToDoeyy */ = {
			isa = PBXFileSystemSynchronizedRootGroup;
			exceptions = (
				8A2FEED92DA6B67000B52308 /* Exceptions for "ToDoeyy" folder in "ToDoeyy" target */,
			);
			path = ToDoeyy;
			sourceTree = "<group>";
		};
		8A2FEECA2DA6B67000B52308 /* ToDoeyyTests */ = {
			isa = PBXFileSystemSynchronizedRootGroup;
			path = ToDoeyyTests;
			sourceTree = "<group>";
		};
		8A2FEED42DA6B67000B52308 /* ToDoeyyUITests */ = {
			isa = PBXFileSystemSynchronizedRootGroup;
			path = ToDoeyyUITests;
			sourceTree = "<group>";
		};
/* End PBXFileSystemSynchronizedRootGroup section */

/* Begin PBXFrameworksBuildPhase section */
		8A2FEEAE2DA6B66F00B52308 /* Frameworks */ = {
			isa = PBXFrameworksBuildPhase;
			buildActionMask = 2147483647;
			files = (
			);
			runOnlyForDeploymentPostprocessing = 0;
		};
		8A2FEEC42DA6B67000B52308 /* Frameworks */ = {
			isa = PBXFrameworksBuildPhase;
			buildActionMask = 2147483647;
			files = (
			);
			runOnlyForDeploymentPostprocessing = 0;
		};
		8A2FEECE2DA6B67000B52308 /* Frameworks */ = {
			isa = PBXFrameworksBuildPhase;
			buildActionMask = 2147483647;
			files = (
			);
			runOnlyForDeploymentPostprocessing = 0;
		};
/* End PBXFrameworksBuildPhase section */

/* Begin PBXGroup section */
		8A2FEEA82DA6B66F00B52308 = {
			isa = PBXGroup;
			children = (
				8A2FEEB32DA6B66F00B52308 /* ToDoeyy */,
				8A2FEECA2DA6B67000B52308 /* ToDoeyyTests */,
				8A2FEED42DA6B67000B52308 /* ToDoeyyUITests */,
				8A2FEEB22DA6B66F00B52308 /* Products */,
			);
			sourceTree = "<group>";
		};
		8A2FEEB22DA6B66F00B52308 /* Products */ = {
			isa = PBXGroup;
			children = (
				8A2FEEB12DA6B66F00B52308 /* ToDoeyy.app */,
				8A2FEEC72DA6B67000B52308 /* ToDoeyyTests.xctest */,
				8A2FEED12DA6B67000B52308 /* ToDoeyyUITests.xctest */,
			);
			name = Products;
			sourceTree = "<group>";
		};
/* End PBXGroup section */

/* Begin PBXNativeTarget section */
		8A2FEEB02DA6B66F00B52308 /* ToDoeyy */ = {
			isa = PBXNativeTarget;
			buildConfigurationList = 8A2FEEDA2DA6B67000B52308 /* Build configuration list for PBXNativeTarget "ToDoeyy" */;
			buildPhases = (
				8A2FEEAD2DA6B66F00B52308 /* Sources */,
				8A2FEEAE2DA6B66F00B52308 /* Frameworks */,
				8A2FEEAF2DA6B66F00B52308 /* Resources */,
			);
			buildRules = (
			);
			dependencies = (
			);
			fileSystemSynchronizedGroups = (
				8A2FEEB32DA6B66F00B52308 /* ToDoeyy */,
			);
			name = ToDoeyy;
			packageProductDependencies = (
			);
			productName = ToDoeyy;
			productReference = 8A2FEEB12DA6B66F00B52308 /* ToDoeyy.app */;
			productType = "com.apple.product-type.application";
		};
		8A2FEEC62DA6B67000B52308 /* ToDoeyyTests */ = {
			isa = PBXNativeTarget;
			buildConfigurationList = 8A2FEEDF2DA6B67000B52308 /* Build configuration list for PBXNativeTarget "ToDoeyyTests" */;
			buildPhases = (
				8A2FEEC32DA6B67000B52308 /* Sources */,
				8A2FEEC42DA6B67000B52308 /* Frameworks */,
				8A2FEEC52DA6B67000B52308 /* Resources */,
			);
			buildRules = (
			);
			dependencies = (
				8A2FEEC92DA6B67000B52308 /* PBXTargetDependency */,
			);
			fileSystemSynchronizedGroups = (
				8A2FEECA2DA6B67000B52308 /* ToDoeyyTests */,
			);
			name = ToDoeyyTests;
			packageProductDependencies = (
			);
			productName = ToDoeyyTests;
			productReference = 8A2FEEC72DA6B67000B52308 /* ToDoeyyTests.xctest */;
			productType = "com.apple.product-type.bundle.unit-test";
		};
		8A2FEED02DA6B67000B52308 /* ToDoeyyUITests */ = {
			isa = PBXNativeTarget;
			buildConfigurationList = 8A2FEEE22DA6B67000B52308 /* Build configuration list for PBXNativeTarget "ToDoeyyUITests" */;
			buildPhases = (
				8A2FEECD2DA6B67000B52308 /* Sources */,
				8A2FEECE2DA6B67000B52308 /* Frameworks */,
				8A2FEECF2DA6B67000B52308 /* Resources */,
			);
			buildRules = (
			);
			dependencies = (
				8A2FEED32DA6B67000B52308 /* PBXTargetDependency */,
			);
			fileSystemSynchronizedGroups = (
				8A2FEED42DA6B67000B52308 /* ToDoeyyUITests */,
			);
			name = ToDoeyyUITests;
			packageProductDependencies = (
			);
			productName = ToDoeyyUITests;
			productReference = 8A2FEED12DA6B67000B52308 /* ToDoeyyUITests.xctest */;
			productType = "com.apple.product-type.bundle.ui-testing";
		};
/* End PBXNativeTarget section */

/* Begin PBXProject section */
		8A2FEEA92DA6B66F00B52308 /* Project object */ = {
			isa = PBXProject;
			attributes = {
				BuildIndependentTargetsInParallel = 1;
				LastSwiftUpdateCheck = 1620;
				LastUpgradeCheck = 1620;
				TargetAttributes = {
					8A2FEEB02DA6B66F00B52308 = {
						CreatedOnToolsVersion = 16.2;
					};
					8A2FEEC62DA6B67000B52308 = {
						CreatedOnToolsVersion = 16.2;
						TestTargetID = 8A2FEEB02DA6B66F00B52308;
					};
					8A2FEED02DA6B67000B52308 = {
						CreatedOnToolsVersion = 16.2;
						TestTargetID = 8A2FEEB02DA6B66F00B52308;
					};
				};
			};
			buildConfigurationList = 8A2FEEAC2DA6B66F00B52308 /* Build configuration list for PBXProject "ToDoeyy" */;
			developmentRegion = en;
			hasScannedForEncodings = 0;
			knownRegions = (
				en,
				Base,
			);
			mainGroup = 8A2FEEA82DA6B66F00B52308;
			minimizedProjectReferenceProxies = 1;
			preferredProjectObjectVersion = 77;
			productRefGroup = 8A2FEEB22DA6B66F00B52308 /* Products */;
			projectDirPath = "";
			projectRoot = "";
			targets = (
				8A2FEEB02DA6B66F00B52308 /* ToDoeyy */,
				8A2FEEC62DA6B67000B52308 /* ToDoeyyTests */,
				8A2FEED02DA6B67000B52308 /* ToDoeyyUITests */,
			);
		};
/* End PBXProject section */

/* Begin PBXResourcesBuildPhase section */
		8A2FEEAF2DA6B66F00B52308 /* Resources */ = {
			isa = PBXResourcesBuildPhase;
			buildActionMask = 2147483647;
			files = (
			);
			runOnlyForDeploymentPostprocessing = 0;
		};
		8A2FEEC52DA6B67000B52308 /* Resources */ = {
			isa = PBXResourcesBuildPhase;
			buildActionMask = 2147483647;
			files = (
			);
			runOnlyForDeploymentPostprocessing = 0;
		};
		8A2FEECF2DA6B67000B52308 /* Resources */ = {
			isa = PBXResourcesBuildPhase;
			buildActionMask = 2147483647;
			files = (
			);
			runOnlyForDeploymentPostprocessing = 0;
		};
/* End PBXResourcesBuildPhase section */

/* Begin PBXSourcesBuildPhase section */
		8A2FEEAD2DA6B66F00B52308 /* Sources */ = {
			isa = PBXSourcesBuildPhase;
			buildActionMask = 2147483647;
			files = (
			);
			runOnlyForDeploymentPostprocessing = 0;
		};
		8A2FEEC32DA6B67000B52308 /* Sources */ = {
			isa = PBXSourcesBuildPhase;
			buildActionMask = 2147483647;
			files = (
			);
			runOnlyForDeploymentPostprocessing = 0;
		};
		8A2FEECD2DA6B67000B52308 /* Sources */ = {
			isa = PBXSourcesBuildPhase;
			buildActionMask = 2147483647;
			files = (
			);
			runOnlyForDeploymentPostprocessing = 0;
		};
/* End PBXSourcesBuildPhase section */

/* Begin PBXTargetDependency section */
		8A2FEEC92DA6B67000B52308 /* PBXTargetDependency */ = {
			isa = PBXTargetDependency;
			target = 8A2FEEB02DA6B66F00B52308 /* ToDoeyy */;
			targetProxy = 8A2FEEC82DA6B67000B52308 /* PBXContainerItemProxy */;
		};
		8A2FEED32DA6B67000B52308 /* PBXTargetDependency */ = {
			isa = PBXTargetDependency;
			target = 8A2FEEB02DA6B66F00B52308 /* ToDoeyy */;
			targetProxy = 8A2FEED22DA6B67000B52308 /* PBXContainerItemProxy */;
		};
/* End PBXTargetDependency section */

/* Begin XCBuildConfiguration section */
		8A2FEEDB2DA6B67000B52308 /* Debug */ = {
			isa = XCBuildConfiguration;
			buildSettings = {
				ASSETCATALOG_COMPILER_APPICON_NAME = AppIcon;
				ASSETCATALOG_COMPILER_GLOBAL_ACCENT_COLOR_NAME = AccentColor;
				CODE_SIGN_STYLE = Automatic;
				CURRENT_PROJECT_VERSION = 1;
				DEVELOPMENT_TEAM = SZ38LLW92L;
				GENERATE_INFOPLIST_FILE = YES;
				INFOPLIST_FILE = ToDoeyy/Info.plist;
				INFOPLIST_KEY_UIApplicationSupportsIndirectInputEvents = YES;
				INFOPLIST_KEY_UILaunchStoryboardName = LaunchScreen;
				INFOPLIST_KEY_UIMainStoryboardFile = Main;
				INFOPLIST_KEY_UISupportedInterfaceOrientations_iPad = "UIInterfaceOrientationPortrait UIInterfaceOrientationPortraitUpsideDown UIInterfaceOrientationLandscapeLeft UIInterfaceOrientationLandscapeRight";
				INFOPLIST_KEY_UISupportedInterfaceOrientations_iPhone = "UIInterfaceOrientationPortrait UIInterfaceOrientationLandscapeLeft UIInterfaceOrientationLandscapeRight";
				LD_RUNPATH_SEARCH_PATHS = (
					"$(inherited)",
					"@executable_path/Frameworks",
				);
				MARKETING_VERSION = 1.0;
				PRODUCT_BUNDLE_IDENTIFIER = com.test.ToDoeyy;
				PRODUCT_NAME = "$(TARGET_NAME)";
				SWIFT_EMIT_LOC_STRINGS = YES;
				SWIFT_VERSION = 5.0;
				TARGETED_DEVICE_FAMILY = "1,2";
			};
			name = Debug;
		};
		8A2FEEDC2DA6B67000B52308 /* Release */ = {
			isa = XCBuildConfiguration;
			buildSettings = {
				ASSETCATALOG_COMPILER_APPICON_NAME = AppIcon;
				ASSETCATALOG_COMPILER_GLOBAL_ACCENT_COLOR_NAME = AccentColor;
				CODE_SIGN_STYLE = Automatic;
				CURRENT_PROJECT_VERSION = 1;
				DEVELOPMENT_TEAM = SZ38LLW92L;
				GENERATE_INFOPLIST_FILE = YES;
				INFOPLIST_FILE = ToDoeyy/Info.plist;
				INFOPLIST_KEY_UIApplicationSupportsIndirectInputEvents = YES;
				INFOPLIST_KEY_UILaunchStoryboardName = LaunchScreen;
				INFOPLIST_KEY_UIMainStoryboardFile = Main;
				INFOPLIST_KEY_UISupportedInterfaceOrientations_iPad = "UIInterfaceOrientationPortrait UIInterfaceOrientationPortraitUpsideDown UIInterfaceOrientationLandscapeLeft UIInterfaceOrientationLandscapeRight";
				INFOPLIST_KEY_UISupportedInterfaceOrientations_iPhone = "UIInterfaceOrientationPortrait UIInterfaceOrientationLandscapeLeft UIInterfaceOrientationLandscapeRight";
				LD_RUNPATH_SEARCH_PATHS = (
					"$(inherited)",
					"@executable_path/Frameworks",
				);
				MARKETING_VERSION = 1.0;
				PRODUCT_BUNDLE_IDENTIFIER = com.test.ToDoeyy;
				PRODUCT_NAME = "$(TARGET_NAME)";
				SWIFT_EMIT_LOC_STRINGS = YES;
				SWIFT_VERSION = 5.0;
				TARGETED_DEVICE_FAMILY = "1,2";
			};
			name = Release;
		};
		8A2FEEDD2DA6B67000B52308 /* Debug */ = {
			isa = XCBuildConfiguration;
			buildSettings = {
				ALWAYS_SEARCH_USER_PATHS = NO;
				ASSETCATALOG_COMPILER_GENERATE_SWIFT_ASSET_SYMBOL_EXTENSIONS = YES;
				CLANG_ANALYZER_NONNULL = YES;
				CLANG_ANALYZER_NUMBER_OBJECT_CONVERSION = YES_AGGRESSIVE;
				CLANG_CXX_LANGUAGE_STANDARD = "gnu++20";
				CLANG_ENABLE_MODULES = YES;
				CLANG_ENABLE_OBJC_ARC = YES;
				CLANG_ENABLE_OBJC_WEAK = YES;
				CLANG_WARN_BLOCK_CAPTURE_AUTORELEASING = YES;
				CLANG_WARN_BOOL_CONVERSION = YES;
				CLANG_WARN_COMMA = YES;
				CLANG_WARN_CONSTANT_CONVERSION = YES;
				CLANG_WARN_DEPRECATED_OBJC_IMPLEMENTATIONS = YES;
				CLANG_WARN_DIRECT_OBJC_ISA_USAGE = YES_ERROR;
				CLANG_WARN_DOCUMENTATION_COMMENTS = YES;
				CLANG_WARN_EMPTY_BODY = YES;
				CLANG_WARN_ENUM_CONVERSION = YES;
				CLANG_WARN_INFINITE_RECURSION = YES;
				CLANG_WARN_INT_CONVERSION = YES;
				CLANG_WARN_NON_LITERAL_NULL_CONVERSION = YES;
				CLANG_WARN_OBJC_IMPLICIT_RETAIN_SELF = YES;
				CLANG_WARN_OBJC_LITERAL_CONVERSION = YES;
				CLANG_WARN_OBJC_ROOT_CLASS = YES_ERROR;
				CLANG_WARN_QUOTED_INCLUDE_IN_FRAMEWORK_HEADER = YES;
				CLANG_WARN_RANGE_LOOP_ANALYSIS = YES;
				CLANG_WARN_STRICT_PROTOTYPES = YES;
				CLANG_WARN_SUSPICIOUS_MOVE = YES;
				CLANG_WARN_UNGUARDED_AVAILABILITY = YES_AGGRESSIVE;
				CLANG_WARN_UNREACHABLE_CODE = YES;
				CLANG_WARN__DUPLICATE_METHOD_MATCH = YES;
				COPY_PHASE_STRIP = NO;
				DEBUG_INFORMATION_FORMAT = dwarf;
				ENABLE_STRICT_OBJC_MSGSEND = YES;
				ENABLE_TESTABILITY = YES;
				ENABLE_USER_SCRIPT_SANDBOXING = YES;
				GCC_C_LANGUAGE_STANDARD = gnu17;
				GCC_DYNAMIC_NO_PIC = NO;
				GCC_NO_COMMON_BLOCKS = YES;
				GCC_OPTIMIZATION_LEVEL = 0;
				GCC_PREPROCESSOR_DEFINITIONS = (
					"DEBUG=1",
					"$(inherited)",
				);
				GCC_WARN_64_TO_32_BIT_CONVERSION = YES;
				GCC_WARN_ABOUT_RETURN_TYPE = YES_ERROR;
				GCC_WARN_UNDECLARED_SELECTOR = YES;
				GCC_WARN_UNINITIALIZED_AUTOS = YES_AGGRESSIVE;
				GCC_WARN_UNUSED_FUNCTION = YES;
				GCC_WARN_UNUSED_VARIABLE = YES;
				IPHONEOS_DEPLOYMENT_TARGET = 18.2;
				LOCALIZATION_PREFERS_STRING_CATALOGS = YES;
				MTL_ENABLE_DEBUG_INFO = INCLUDE_SOURCE;
				MTL_FAST_MATH = YES;
				ONLY_ACTIVE_ARCH = YES;
				SDKROOT = iphoneos;
				SWIFT_ACTIVE_COMPILATION_CONDITIONS = "DEBUG $(inherited)";
				SWIFT_OPTIMIZATION_LEVEL = "-Onone";
			};
			name = Debug;
		};
		8A2FEEDE2DA6B67000B52308 /* Release */ = {
			isa = XCBuildConfiguration;
			buildSettings = {
				ALWAYS_SEARCH_USER_PATHS = NO;
				ASSETCATALOG_COMPILER_GENERATE_SWIFT_ASSET_SYMBOL_EXTENSIONS = YES;
				CLANG_ANALYZER_NONNULL = YES;
				CLANG_ANALYZER_NUMBER_OBJECT_CONVERSION = YES_AGGRESSIVE;
				CLANG_CXX_LANGUAGE_STANDARD = "gnu++20";
				CLANG_ENABLE_MODULES = YES;
				CLANG_ENABLE_OBJC_ARC = YES;
				CLANG_ENABLE_OBJC_WEAK = YES;
				CLANG_WARN_BLOCK_CAPTURE_AUTORELEASING = YES;
				CLANG_WARN_BOOL_CONVERSION = YES;
				CLANG_WARN_COMMA = YES;
				CLANG_WARN_CONSTANT_CONVERSION = YES;
				CLANG_WARN_DEPRECATED_OBJC_IMPLEMENTATIONS = YES;
				CLANG_WARN_DIRECT_OBJC_ISA_USAGE = YES_ERROR;
				CLANG_WARN_DOCUMENTATION_COMMENTS = YES;
				CLANG_WARN_EMPTY_BODY = YES;
				CLANG_WARN_ENUM_CONVERSION = YES;
				CLANG_WARN_INFINITE_RECURSION = YES;
				CLANG_WARN_INT_CONVERSION = YES;
				CLANG_WARN_NON_LITERAL_NULL_CONVERSION = YES;
				CLANG_WARN_OBJC_IMPLICIT_RETAIN_SELF = YES;
				CLANG_WARN_OBJC_LITERAL_CONVERSION = YES;
				CLANG_WARN_OBJC_ROOT_CLASS = YES_ERROR;
				CLANG_WARN_QUOTED_INCLUDE_IN_FRAMEWORK_HEADER = YES;
				CLANG_WARN_RANGE_LOOP_ANALYSIS = YES;
				CLANG_WARN_STRICT_PROTOTYPES = YES;
				CLANG_WARN_SUSPICIOUS_MOVE = YES;
				CLANG_WARN_UNGUARDED_AVAILABILITY = YES_AGGRESSIVE;
				CLANG_WARN_UNREACHABLE_CODE = YES;
				CLANG_WARN__DUPLICATE_METHOD_MATCH = YES;
				COPY_PHASE_STRIP = NO;
				DEBUG_INFORMATION_FORMAT = "dwarf-with-dsym";
				ENABLE_NS_ASSERTIONS = NO;
				ENABLE_STRICT_OBJC_MSGSEND = YES;
				ENABLE_USER_SCRIPT_SANDBOXING = YES;
				GCC_C_LANGUAGE_STANDARD = gnu17;
				GCC_NO_COMMON_BLOCKS = YES;
				GCC_WARN_64_TO_32_BIT_CONVERSION = YES;
				GCC_WARN_ABOUT_RETURN_TYPE = YES_ERROR;
				GCC_WARN_UNDECLARED_SELECTOR = YES;
				GCC_WARN_UNINITIALIZED_AUTOS = YES_AGGRESSIVE;
				GCC_WARN_UNUSED_FUNCTION = YES;
				GCC_WARN_UNUSED_VARIABLE = YES;
				IPHONEOS_DEPLOYMENT_TARGET = 18.2;
				LOCALIZATION_PREFERS_STRING_CATALOGS = YES;
				MTL_ENABLE_DEBUG_INFO = NO;
				MTL_FAST_MATH = YES;
				SDKROOT = iphoneos;
				SWIFT_COMPILATION_MODE = wholemodule;
				VALIDATE_PRODUCT = YES;
			};
			name = Release;
		};
		8A2FEEE02DA6B67000B52308 /* Debug */ = {
			isa = XCBuildConfiguration;
			buildSettings = {
				BUNDLE_LOADER = "$(TEST_HOST)";
				CODE_SIGN_STYLE = Automatic;
				CURRENT_PROJECT_VERSION = 1;
				DEVELOPMENT_TEAM = SZ38LLW92L;
				GENERATE_INFOPLIST_FILE = YES;
				IPHONEOS_DEPLOYMENT_TARGET = 18.2;
				MARKETING_VERSION = 1.0;
				PRODUCT_BUNDLE_IDENTIFIER = com.test.ToDoeyyTests;
				PRODUCT_NAME = "$(TARGET_NAME)";
				SWIFT_EMIT_LOC_STRINGS = NO;
				SWIFT_VERSION = 5.0;
				TARGETED_DEVICE_FAMILY = "1,2";
				TEST_HOST = "$(BUILT_PRODUCTS_DIR)/ToDoeyy.app/$(BUNDLE_EXECUTABLE_FOLDER_PATH)/ToDoeyy";
			};
			name = Debug;
		};
		8A2FEEE12DA6B67000B52308 /* Release */ = {
			isa = XCBuildConfiguration;
			buildSettings = {
				BUNDLE_LOADER = "$(TEST_HOST)";
				CODE_SIGN_STYLE = Automatic;
				CURRENT_PROJECT_VERSION = 1;
				DEVELOPMENT_TEAM = SZ38LLW92L;
				GENERATE_INFOPLIST_FILE = YES;
				IPHONEOS_DEPLOYMENT_TARGET = 18.2;
				MARKETING_VERSION = 1.0;
				PRODUCT_BUNDLE_IDENTIFIER = com.test.ToDoeyyTests;
				PRODUCT_NAME = "$(TARGET_NAME)";
				SWIFT_EMIT_LOC_STRINGS = NO;
				SWIFT_VERSION = 5.0;
				TARGETED_DEVICE_FAMILY = "1,2";
				TEST_HOST = "$(BUILT_PRODUCTS_DIR)/ToDoeyy.app/$(BUNDLE_EXECUTABLE_FOLDER_PATH)/ToDoeyy";
			};
			name = Release;
		};
		8A2FEEE32DA6B67000B52308 /* Debug */ = {
			isa = XCBuildConfiguration;
			buildSettings = {
				CODE_SIGN_STYLE = Automatic;
				CURRENT_PROJECT_VERSION = 1;
				DEVELOPMENT_TEAM = SZ38LLW92L;
				GENERATE_INFOPLIST_FILE = YES;
				MARKETING_VERSION = 1.0;
				PRODUCT_BUNDLE_IDENTIFIER = com.test.ToDoeyyUITests;
				PRODUCT_NAME = "$(TARGET_NAME)";
				SWIFT_EMIT_LOC_STRINGS = NO;
				SWIFT_VERSION = 5.0;
				TARGETED_DEVICE_FAMILY = "1,2";
				TEST_TARGET_NAME = ToDoeyy;
			};
			name = Debug;
		};
		8A2FEEE42DA6B67000B52308 /* Release */ = {
			isa = XCBuildConfiguration;
			buildSettings = {
				CODE_SIGN_STYLE = Automatic;
				CURRENT_PROJECT_VERSION = 1;
				DEVELOPMENT_TEAM = SZ38LLW92L;
				GENERATE_INFOPLIST_FILE = YES;
				MARKETING_VERSION = 1.0;
				PRODUCT_BUNDLE_IDENTIFIER = com.test.ToDoeyyUITests;
				PRODUCT_NAME = "$(TARGET_NAME)";
				SWIFT_EMIT_LOC_STRINGS = NO;
				SWIFT_VERSION = 5.0;
				TARGETED_DEVICE_FAMILY = "1,2";
				TEST_TARGET_NAME = ToDoeyy;
			};
			name = Release;
		};
/* End XCBuildConfiguration section */

/* Begin XCConfigurationList section */
		8A2FEEAC2DA6B66F00B52308 /* Build configuration list for PBXProject "ToDoeyy" */ = {
			isa = XCConfigurationList;
			buildConfigurations = (
				8A2FEEDD2DA6B67000B52308 /* Debug */,
				8A2FEEDE2DA6B67000B52308 /* Release */,
			);
			defaultConfigurationIsVisible = 0;
			defaultConfigurationName = Release;
		};
		8A2FEEDA2DA6B67000B52308 /* Build configuration list for PBXNativeTarget "ToDoeyy" */ = {
			isa = XCConfigurationList;
			buildConfigurations = (
				8A2FEEDB2DA6B67000B52308 /* Debug */,
				8A2FEEDC2DA6B67000B52308 /* Release */,
			);
			defaultConfigurationIsVisible = 0;
			defaultConfigurationName = Release;
		};
		8A2FEEDF2DA6B67000B52308 /* Build configuration list for PBXNativeTarget "ToDoeyyTests" */ = {
			isa = XCConfigurationList;
			buildConfigurations = (
				8A2FEEE02DA6B67000B52308 /* Debug */,
				8A2FEEE12DA6B67000B52308 /* Release */,
			);
			defaultConfigurationIsVisible = 0;
			defaultConfigurationName = Release;
		};
		8A2FEEE22DA6B67000B52308 /* Build configuration list for PBXNativeTarget "ToDoeyyUITests" */ = {
			isa = XCConfigurationList;
			buildConfigurations = (
				8A2FEEE32DA6B67000B52308 /* Debug */,
				8A2FEEE42DA6B67000B52308 /* Release */,
			);
			defaultConfigurationIsVisible = 0;
			defaultConfigurationName = Release;
		};
/* End XCConfigurationList section */
	};
	rootObject = 8A2FEEA92DA6B66F00B52308 /* Project object */;
}
